// !$*UTF8*$!
{
	archiveVersion = 1;
	classes = {
	};
	objectVersion = 55;
	objects = {

/* Begin PBXBuildFile section */
		82695C4A26C278880026207B /* AppDelegate.swift in Sources */ = {isa = PBXBuildFile; fileRef = 82695C4926C278880026207B /* AppDelegate.swift */; };
		82695C4C26C278880026207B /* SceneDelegate.swift in Sources */ = {isa = PBXBuildFile; fileRef = 82695C4B26C278880026207B /* SceneDelegate.swift */; };
		82695C4E26C278880026207B /* BusRouteViewController.swift in Sources */ = {isa = PBXBuildFile; fileRef = 82695C4D26C278880026207B /* BusRouteViewController.swift */; };
		82695C5126C278880026207B /* Main.storyboard in Resources */ = {isa = PBXBuildFile; fileRef = 82695C4F26C278880026207B /* Main.storyboard */; };
		82695C5326C278880026207B /* Assets.xcassets in Resources */ = {isa = PBXBuildFile; fileRef = 82695C5226C278880026207B /* Assets.xcassets */; };
		82695C5626C278880026207B /* LaunchScreen.storyboard in Resources */ = {isa = PBXBuildFile; fileRef = 82695C5426C278880026207B /* LaunchScreen.storyboard */; };
		82695C6226C279330026207B /* APIService.swift in Sources */ = {isa = PBXBuildFile; fileRef = 82695C6126C279330026207B /* APIService.swift */; };
		82695C6426C279AA0026207B /* RouteTimingTableViewCell.swift in Sources */ = {isa = PBXBuildFile; fileRef = 82695C6326C279AA0026207B /* RouteTimingTableViewCell.swift */; };
		82695C6626C279C60026207B /* RouteInfoCollectionViewCell.swift in Sources */ = {isa = PBXBuildFile; fileRef = 82695C6526C279C60026207B /* RouteInfoCollectionViewCell.swift */; };
		82695C6826C27A170026207B /* Model.swift in Sources */ = {isa = PBXBuildFile; fileRef = 82695C6726C27A170026207B /* Model.swift */; };
		82695C6A26C27AF50026207B /* RouteInfoCellDetailViewModel.swift in Sources */ = {isa = PBXBuildFile; fileRef = 82695C6926C27AF50026207B /* RouteInfoCellDetailViewModel.swift */; };
		82695C6C26C27B120026207B /* RouteTimingCellDetailViewModel.swift in Sources */ = {isa = PBXBuildFile; fileRef = 82695C6B26C27B120026207B /* RouteTimingCellDetailViewModel.swift */; };
		82695C6E26C27B2F0026207B /* RouteInfoCellViewModel.swift in Sources */ = {isa = PBXBuildFile; fileRef = 82695C6D26C27B2F0026207B /* RouteInfoCellViewModel.swift */; };
		82695C7026C27B490026207B /* RouteTimingCellViewModel.swift in Sources */ = {isa = PBXBuildFile; fileRef = 82695C6F26C27B490026207B /* RouteTimingCellViewModel.swift */; };
/* End PBXBuildFile section */

/* Begin PBXFileReference section */
		82695C4626C278880026207B /* RouteDetailUI.app */ = {isa = PBXFileReference; explicitFileType = wrapper.application; includeInIndex = 0; path = RouteDetailUI.app; sourceTree = BUILT_PRODUCTS_DIR; };
		82695C4926C278880026207B /* AppDelegate.swift */ = {isa = PBXFileReference; lastKnownFileType = sourcecode.swift; path = AppDelegate.swift; sourceTree = "<group>"; };
		82695C4B26C278880026207B /* SceneDelegate.swift */ = {isa = PBXFileReference; lastKnownFileType = sourcecode.swift; path = SceneDelegate.swift; sourceTree = "<group>"; };
		82695C4D26C278880026207B /* BusRouteViewController.swift */ = {isa = PBXFileReference; lastKnownFileType = sourcecode.swift; path = BusRouteViewController.swift; sourceTree = "<group>"; };
		82695C5026C278880026207B /* Base */ = {isa = PBXFileReference; lastKnownFileType = file.storyboard; name = Base; path = Base.lproj/Main.storyboard; sourceTree = "<group>"; };
		82695C5226C278880026207B /* Assets.xcassets */ = {isa = PBXFileReference; lastKnownFileType = folder.assetcatalog; path = Assets.xcassets; sourceTree = "<group>"; };
		82695C5526C278880026207B /* Base */ = {isa = PBXFileReference; lastKnownFileType = file.storyboard; name = Base; path = Base.lproj/LaunchScreen.storyboard; sourceTree = "<group>"; };
		82695C5726C278880026207B /* Info.plist */ = {isa = PBXFileReference; lastKnownFileType = text.plist.xml; path = Info.plist; sourceTree = "<group>"; };
		82695C6126C279330026207B /* APIService.swift */ = {isa = PBXFileReference; lastKnownFileType = sourcecode.swift; path = APIService.swift; sourceTree = "<group>"; };
		82695C6326C279AA0026207B /* RouteTimingTableViewCell.swift */ = {isa = PBXFileReference; lastKnownFileType = sourcecode.swift; path = RouteTimingTableViewCell.swift; sourceTree = "<group>"; };
		82695C6526C279C60026207B /* RouteInfoCollectionViewCell.swift */ = {isa = PBXFileReference; lastKnownFileType = sourcecode.swift; path = RouteInfoCollectionViewCell.swift; sourceTree = "<group>"; };
		82695C6726C27A170026207B /* Model.swift */ = {isa = PBXFileReference; lastKnownFileType = sourcecode.swift; path = Model.swift; sourceTree = "<group>"; };
		82695C6926C27AF50026207B /* RouteInfoCellDetailViewModel.swift */ = {isa = PBXFileReference; lastKnownFileType = sourcecode.swift; path = RouteInfoCellDetailViewModel.swift; sourceTree = "<group>"; };
		82695C6B26C27B120026207B /* RouteTimingCellDetailViewModel.swift */ = {isa = PBXFileReference; lastKnownFileType = sourcecode.swift; path = RouteTimingCellDetailViewModel.swift; sourceTree = "<group>"; };
		82695C6D26C27B2F0026207B /* RouteInfoCellViewModel.swift */ = {isa = PBXFileReference; lastKnownFileType = sourcecode.swift; path = RouteInfoCellViewModel.swift; sourceTree = "<group>"; };
		82695C6F26C27B490026207B /* RouteTimingCellViewModel.swift */ = {isa = PBXFileReference; lastKnownFileType = sourcecode.swift; path = RouteTimingCellViewModel.swift; sourceTree = "<group>"; };
/* End PBXFileReference section */

/* Begin PBXFrameworksBuildPhase section */
		82695C4326C278880026207B /* Frameworks */ = {
			isa = PBXFrameworksBuildPhase;
			buildActionMask = 2147483647;
			files = (
			);
			runOnlyForDeploymentPostprocessing = 0;
		};
/* End PBXFrameworksBuildPhase section */

/* Begin PBXGroup section */
		82695C3D26C278870026207B = {
			isa = PBXGroup;
			children = (
				82695C4826C278880026207B /* RouteDetailUI */,
				82695C4726C278880026207B /* Products */,
			);
			sourceTree = "<group>";
		};
		82695C4726C278880026207B /* Products */ = {
			isa = PBXGroup;
			children = (
				82695C4626C278880026207B /* RouteDetailUI.app */,
			);
			name = Products;
			sourceTree = "<group>";
		};
		82695C4826C278880026207B /* RouteDetailUI */ = {
			isa = PBXGroup;
			children = (
				8280CC6926C3997300C710B7 /* Common */,
				82695C5D26C278E60026207B /* Model */,
				82695C6026C279000026207B /* APIService */,
				82695C5F26C278F90026207B /* View */,
				82695C5E26C278EE0026207B /* ViewModel */,
				82695C4F26C278880026207B /* Main.storyboard */,
				82695C5226C278880026207B /* Assets.xcassets */,
				82695C5426C278880026207B /* LaunchScreen.storyboard */,
				82695C5726C278880026207B /* Info.plist */,
			);
			path = RouteDetailUI;
			sourceTree = "<group>";
		};
		82695C5D26C278E60026207B /* Model */ = {
			isa = PBXGroup;
			children = (
				82695C6726C27A170026207B /* Model.swift */,
			);
			path = Model;
			sourceTree = "<group>";
		};
		82695C5E26C278EE0026207B /* ViewModel */ = {
			isa = PBXGroup;
			children = (
				82695C6926C27AF50026207B /* RouteInfoCellDetailViewModel.swift */,
				82695C6D26C27B2F0026207B /* RouteInfoCellViewModel.swift */,
				82695C6B26C27B120026207B /* RouteTimingCellDetailViewModel.swift */,
				82695C6F26C27B490026207B /* RouteTimingCellViewModel.swift */,
			);
			path = ViewModel;
			sourceTree = "<group>";
		};
		82695C5F26C278F90026207B /* View */ = {
			isa = PBXGroup;
			children = (
				82695C4D26C278880026207B /* BusRouteViewController.swift */,
				82695C6326C279AA0026207B /* RouteTimingTableViewCell.swift */,
				82695C6526C279C60026207B /* RouteInfoCollectionViewCell.swift */,
			);
			path = View;
			sourceTree = "<group>";
		};
		82695C6026C279000026207B /* APIService */ = {
			isa = PBXGroup;
			children = (
				82695C6126C279330026207B /* APIService.swift */,
			);
			path = APIService;
			sourceTree = "<group>";
		};
		8280CC6926C3997300C710B7 /* Common */ = {
			isa = PBXGroup;
			children = (
				82695C4926C278880026207B /* AppDelegate.swift */,
				82695C4B26C278880026207B /* SceneDelegate.swift */,
			);
			path = Common;
			sourceTree = "<group>";
		};
/* End PBXGroup section */

/* Begin PBXNativeTarget section */
		82695C4526C278880026207B /* RouteDetailUI */ = {
			isa = PBXNativeTarget;
			buildConfigurationList = 82695C5A26C278880026207B /* Build configuration list for PBXNativeTarget "RouteDetailUI" */;
			buildPhases = (
				82695C4226C278880026207B /* Sources */,
				82695C4326C278880026207B /* Frameworks */,
				82695C4426C278880026207B /* Resources */,
			);
			buildRules = (
			);
			dependencies = (
			);
			name = RouteDetailUI;
			productName = RouteDetailUI;
			productReference = 82695C4626C278880026207B /* RouteDetailUI.app */;
			productType = "com.apple.product-type.application";
		};
/* End PBXNativeTarget section */

/* Begin PBXProject section */
		82695C3E26C278870026207B /* Project object */ = {
			isa = PBXProject;
			attributes = {
				BuildIndependentTargetsInParallel = 1;
				LastSwiftUpdateCheck = 1300;
				LastUpgradeCheck = 1300;
				TargetAttributes = {
					82695C4526C278880026207B = {
						CreatedOnToolsVersion = 13.0;
					};
				};
			};
			buildConfigurationList = 82695C4126C278870026207B /* Build configuration list for PBXProject "RouteDetailUI" */;
			compatibilityVersion = "Xcode 13.0";
			developmentRegion = en;
			hasScannedForEncodings = 0;
			knownRegions = (
				en,
				Base,
			);
			mainGroup = 82695C3D26C278870026207B;
			productRefGroup = 82695C4726C278880026207B /* Products */;
			projectDirPath = "";
			projectRoot = "";
			targets = (
				82695C4526C278880026207B /* RouteDetailUI */,
			);
		};
/* End PBXProject section */

/* Begin PBXResourcesBuildPhase section */
		82695C4426C278880026207B /* Resources */ = {
			isa = PBXResourcesBuildPhase;
			buildActionMask = 2147483647;
			files = (
				82695C5626C278880026207B /* LaunchScreen.storyboard in Resources */,
				82695C5326C278880026207B /* Assets.xcassets in Resources */,
				82695C5126C278880026207B /* Main.storyboard in Resources */,
			);
			runOnlyForDeploymentPostprocessing = 0;
		};
/* End PBXResourcesBuildPhase section */

/* Begin PBXSourcesBuildPhase section */
		82695C4226C278880026207B /* Sources */ = {
			isa = PBXSourcesBuildPhase;
			buildActionMask = 2147483647;
			files = (
				82695C6826C27A170026207B /* Model.swift in Sources */,
				82695C6C26C27B120026207B /* RouteTimingCellDetailViewModel.swift in Sources */,
				82695C7026C27B490026207B /* RouteTimingCellViewModel.swift in Sources */,
				82695C4E26C278880026207B /* BusRouteViewController.swift in Sources */,
				82695C4A26C278880026207B /* AppDelegate.swift in Sources */,
				82695C6E26C27B2F0026207B /* RouteInfoCellViewModel.swift in Sources */,
				82695C6A26C27AF50026207B /* RouteInfoCellDetailViewModel.swift in Sources */,
				82695C6626C279C60026207B /* RouteInfoCollectionViewCell.swift in Sources */,
				82695C6226C279330026207B /* APIService.swift in Sources */,
				82695C6426C279AA0026207B /* RouteTimingTableViewCell.swift in Sources */,
				82695C4C26C278880026207B /* SceneDelegate.swift in Sources */,
			);
			runOnlyForDeploymentPostprocessing = 0;
		};
/* End PBXSourcesBuildPhase section */

/* Begin PBXVariantGroup section */
		82695C4F26C278880026207B /* Main.storyboard */ = {
			isa = PBXVariantGroup;
			children = (
				82695C5026C278880026207B /* Base */,
			);
			name = Main.storyboard;
			sourceTree = "<group>";
		};
		82695C5426C278880026207B /* LaunchScreen.storyboard */ = {
			isa = PBXVariantGroup;
			children = (
				82695C5526C278880026207B /* Base */,
			);
			name = LaunchScreen.storyboard;
			sourceTree = "<group>";
		};
/* End PBXVariantGroup section */

/* Begin XCBuildConfiguration section */
		82695C5826C278880026207B /* Debug */ = {
			isa = XCBuildConfiguration;
			buildSettings = {
				ALWAYS_SEARCH_USER_PATHS = NO;
				CLANG_ANALYZER_NONNULL = YES;
				CLANG_ANALYZER_NUMBER_OBJECT_CONVERSION = YES_AGGRESSIVE;
				CLANG_CXX_LANGUAGE_STANDARD = "gnu++14";
				CLANG_CXX_LIBRARY = "libc++";
				CLANG_ENABLE_MODULES = YES;
				CLANG_ENABLE_OBJC_ARC = YES;
				CLANG_ENABLE_OBJC_WEAK = YES;
				CLANG_WARN_BLOCK_CAPTURE_AUTORELEASING = YES;
				CLANG_WARN_BOOL_CONVERSION = YES;
				CLANG_WARN_COMMA = YES;
				CLANG_WARN_CONSTANT_CONVERSION = YES;
				CLANG_WARN_DEPRECATED_OBJC_IMPLEMENTATIONS = YES;
				CLANG_WARN_DIRECT_OBJC_ISA_USAGE = YES_ERROR;
				CLANG_WARN_DOCUMENTATION_COMMENTS = YES;
				CLANG_WARN_EMPTY_BODY = YES;
				CLANG_WARN_ENUM_CONVERSION = YES;
				CLANG_WARN_INFINITE_RECURSION = YES;
				CLANG_WARN_INT_CONVERSION = YES;
				CLANG_WARN_NON_LITERAL_NULL_CONVERSION = YES;
				CLANG_WARN_OBJC_IMPLICIT_RETAIN_SELF = YES;
				CLANG_WARN_OBJC_LITERAL_CONVERSION = YES;
				CLANG_WARN_OBJC_ROOT_CLASS = YES_ERROR;
				CLANG_WARN_QUOTED_INCLUDE_IN_FRAMEWORK_HEADER = YES;
				CLANG_WARN_RANGE_LOOP_ANALYSIS = YES;
				CLANG_WARN_STRICT_PROTOTYPES = YES;
				CLANG_WARN_SUSPICIOUS_MOVE = YES;
				CLANG_WARN_UNGUARDED_AVAILABILITY = YES_AGGRESSIVE;
				CLANG_WARN_UNREACHABLE_CODE = YES;
				CLANG_WARN__DUPLICATE_METHOD_MATCH = YES;
				COPY_PHASE_STRIP = NO;
				DEBUG_INFORMATION_FORMAT = dwarf;
				ENABLE_STRICT_OBJC_MSGSEND = YES;
				ENABLE_TESTABILITY = YES;
				GCC_C_LANGUAGE_STANDARD = gnu11;
				GCC_DYNAMIC_NO_PIC = NO;
				GCC_NO_COMMON_BLOCKS = YES;
				GCC_OPTIMIZATION_LEVEL = 0;
				GCC_PREPROCESSOR_DEFINITIONS = (
					"DEBUG=1",
					"$(inherited)",
				);
				GCC_WARN_64_TO_32_BIT_CONVERSION = YES;
				GCC_WARN_ABOUT_RETURN_TYPE = YES_ERROR;
				GCC_WARN_UNDECLARED_SELECTOR = YES;
				GCC_WARN_UNINITIALIZED_AUTOS = YES_AGGRESSIVE;
				GCC_WARN_UNUSED_FUNCTION = YES;
				GCC_WARN_UNUSED_VARIABLE = YES;
				IPHONEOS_DEPLOYMENT_TARGET = 15.0;
				MTL_ENABLE_DEBUG_INFO = INCLUDE_SOURCE;
				MTL_FAST_MATH = YES;
				ONLY_ACTIVE_ARCH = YES;
				SDKROOT = iphoneos;
				SWIFT_ACTIVE_COMPILATION_CONDITIONS = DEBUG;
				SWIFT_OPTIMIZATION_LEVEL = "-Onone";
			};
			name = Debug;
		};
		82695C5926C278880026207B /* Release */ = {
			isa = XCBuildConfiguration;
			buildSettings = {
				ALWAYS_SEARCH_USER_PATHS = NO;
				CLANG_ANALYZER_NONNULL = YES;
				CLANG_ANALYZER_NUMBER_OBJECT_CONVERSION = YES_AGGRESSIVE;
				CLANG_CXX_LANGUAGE_STANDARD = "gnu++14";
				CLANG_CXX_LIBRARY = "libc++";
				CLANG_ENABLE_MODULES = YES;
				CLANG_ENABLE_OBJC_ARC = YES;
				CLANG_ENABLE_OBJC_WEAK = YES;
				CLANG_WARN_BLOCK_CAPTURE_AUTORELEASING = YES;
				CLANG_WARN_BOOL_CONVERSION = YES;
				CLANG_WARN_COMMA = YES;
				CLANG_WARN_CONSTANT_CONVERSION = YES;
				CLANG_WARN_DEPRECATED_OBJC_IMPLEMENTATIONS = YES;
				CLANG_WARN_DIRECT_OBJC_ISA_USAGE = YES_ERROR;
				CLANG_WARN_DOCUMENTATION_COMMENTS = YES;
				CLANG_WARN_EMPTY_BODY = YES;
				CLANG_WARN_ENUM_CONVERSION = YES;
				CLANG_WARN_INFINITE_RECURSION = YES;
				CLANG_WARN_INT_CONVERSION = YES;
				CLANG_WARN_NON_LITERAL_NULL_CONVERSION = YES;
				CLANG_WARN_OBJC_IMPLICIT_RETAIN_SELF = YES;
				CLANG_WARN_OBJC_LITERAL_CONVERSION = YES;
				CLANG_WARN_OBJC_ROOT_CLASS = YES_ERROR;
				CLANG_WARN_QUOTED_INCLUDE_IN_FRAMEWORK_HEADER = YES;
				CLANG_WARN_RANGE_LOOP_ANALYSIS = YES;
				CLANG_WARN_STRICT_PROTOTYPES = YES;
				CLANG_WARN_SUSPICIOUS_MOVE = YES;
				CLANG_WARN_UNGUARDED_AVAILABILITY = YES_AGGRESSIVE;
				CLANG_WARN_UNREACHABLE_CODE = YES;
				CLANG_WARN__DUPLICATE_METHOD_MATCH = YES;
				COPY_PHASE_STRIP = NO;
				DEBUG_INFORMATION_FORMAT = "dwarf-with-dsym";
				ENABLE_NS_ASSERTIONS = NO;
				ENABLE_STRICT_OBJC_MSGSEND = YES;
				GCC_C_LANGUAGE_STANDARD = gnu11;
				GCC_NO_COMMON_BLOCKS = YES;
				GCC_WARN_64_TO_32_BIT_CONVERSION = YES;
				GCC_WARN_ABOUT_RETURN_TYPE = YES_ERROR;
				GCC_WARN_UNDECLARED_SELECTOR = YES;
				GCC_WARN_UNINITIALIZED_AUTOS = YES_AGGRESSIVE;
				GCC_WARN_UNUSED_FUNCTION = YES;
				GCC_WARN_UNUSED_VARIABLE = YES;
				IPHONEOS_DEPLOYMENT_TARGET = 15.0;
				MTL_ENABLE_DEBUG_INFO = NO;
				MTL_FAST_MATH = YES;
				SDKROOT = iphoneos;
				SWIFT_COMPILATION_MODE = wholemodule;
				SWIFT_OPTIMIZATION_LEVEL = "-O";
				VALIDATE_PRODUCT = YES;
			};
			name = Release;
		};
		82695C5B26C278880026207B /* Debug */ = {
			isa = XCBuildConfiguration;
			buildSettings = {
				ASSETCATALOG_COMPILER_APPICON_NAME = AppIcon;
				ASSETCATALOG_COMPILER_GLOBAL_ACCENT_COLOR_NAME = AccentColor;
				CODE_SIGN_STYLE = Automatic;
				CURRENT_PROJECT_VERSION = 1;
				GENERATE_INFOPLIST_FILE = YES;
				INFOPLIST_FILE = RouteDetailUI/Info.plist;
				INFOPLIST_KEY_UIApplicationSupportsIndirectInputEvents = YES;
				INFOPLIST_KEY_UILaunchStoryboardName = LaunchScreen;
				INFOPLIST_KEY_UIMainStoryboardFile = Main;
				INFOPLIST_KEY_UISupportedInterfaceOrientations_iPad = "UIInterfaceOrientationPortrait UIInterfaceOrientationPortraitUpsideDown UIInterfaceOrientationLandscapeLeft UIInterfaceOrientationLandscapeRight";
				INFOPLIST_KEY_UISupportedInterfaceOrientations_iPhone = "UIInterfaceOrientationPortrait UIInterfaceOrientationLandscapeLeft UIInterfaceOrientationLandscapeRight";
				LD_RUNPATH_SEARCH_PATHS = (
					"$(inherited)",
					"@executable_path/Frameworks",
				);
				MARKETING_VERSION = 1.0;
				PRODUCT_BUNDLE_IDENTIFIER = com.ag.RouteDetailUI;
				PRODUCT_NAME = "$(TARGET_NAME)";
				SWIFT_EMIT_LOC_STRINGS = YES;
				SWIFT_VERSION = 5.0;
				TARGETED_DEVICE_FAMILY = "1,2";
			};
			name = Debug;
		};
		82695C5C26C278880026207B /* Release */ = {
			isa = XCBuildConfiguration;
			buildSettings = {
				ASSETCATALOG_COMPILER_APPICON_NAME = AppIcon;
				ASSETCATALOG_COMPILER_GLOBAL_ACCENT_COLOR_NAME = AccentColor;
				CODE_SIGN_STYLE = Automatic;
				CURRENT_PROJECT_VERSION = 1;
				GENERATE_INFOPLIST_FILE = YES;
				INFOPLIST_FILE = RouteDetailUI/Info.plist;
				INFOPLIST_KEY_UIApplicationSupportsIndirectInputEvents = YES;
				INFOPLIST_KEY_UILaunchStoryboardName = LaunchScreen;
				INFOPLIST_KEY_UIMainStoryboardFile = Main;
				INFOPLIST_KEY_UISupportedInterfaceOrientations_iPad = "UIInterfaceOrientationPortrait UIInterfaceOrientationPortraitUpsideDown UIInterfaceOrientationLandscapeLeft UIInterfaceOrientationLandscapeRight";
				INFOPLIST_KEY_UISupportedInterfaceOrientations_iPhone = "UIInterfaceOrientationPortrait UIInterfaceOrientationLandscapeLeft UIInterfaceOrientationLandscapeRight";
				LD_RUNPATH_SEARCH_PATHS = (
					"$(inherited)",
					"@executable_path/Frameworks",
				);
				MARKETING_VERSION = 1.0;
				PRODUCT_BUNDLE_IDENTIFIER = com.ag.RouteDetailUI;
				PRODUCT_NAME = "$(TARGET_NAME)";
				SWIFT_EMIT_LOC_STRINGS = YES;
				SWIFT_VERSION = 5.0;
				TARGETED_DEVICE_FAMILY = "1,2";
			};
			name = Release;
		};
/* End XCBuildConfiguration section */

/* Begin XCConfigurationList section */
		82695C4126C278870026207B /* Build configuration list for PBXProject "RouteDetailUI" */ = {
			isa = XCConfigurationList;
			buildConfigurations = (
				82695C5826C278880026207B /* Debug */,
				82695C5926C278880026207B /* Release */,
			);
			defaultConfigurationIsVisible = 0;
			defaultConfigurationName = Release;
		};
		82695C5A26C278880026207B /* Build configuration list for PBXNativeTarget "RouteDetailUI" */ = {
			isa = XCConfigurationList;
			buildConfigurations = (
				82695C5B26C278880026207B /* Debug */,
				82695C5C26C278880026207B /* Release */,
			);
			defaultConfigurationIsVisible = 0;
			defaultConfigurationName = Release;
		};
/* End XCConfigurationList section */
	};
	rootObject = 82695C3E26C278870026207B /* Project object */;
}
